// !$*UTF8*$!
{
	archiveVersion = 1;
	classes = {
	};
	objectVersion = 46;
	objects = {

/* Begin PBXBuildFile section */
		F45239ED195B15CB00D9FEF0 /* BPBReviewViewController.m in Sources */ = {isa = PBXBuildFile; fileRef = F45239EB195B15CB00D9FEF0 /* BPBReviewViewController.m */; };
		F45239EE195B15CB00D9FEF0 /* BPBReviewViewController.xib in Resources */ = {isa = PBXBuildFile; fileRef = F45239EC195B15CB00D9FEF0 /* BPBReviewViewController.xib */; };
		F46296AA19635C7700D11564 /* BPBPlayerLandscapeiPhone.xib in Resources */ = {isa = PBXBuildFile; fileRef = F46296A919635C7700D11564 /* BPBPlayerLandscapeiPhone.xib */; };
		F496E02119631F280088797D /* BPBReviewViewControlleriPhone.xib in Resources */ = {isa = PBXBuildFile; fileRef = F496E02019631F280088797D /* BPBReviewViewControlleriPhone.xib */; };
		F49D42CD19589D2600111508 /* Foundation.framework in Frameworks */ = {isa = PBXBuildFile; fileRef = F49D42CC19589D2600111508 /* Foundation.framework */; };
		F49D42CF19589D2600111508 /* CoreGraphics.framework in Frameworks */ = {isa = PBXBuildFile; fileRef = F49D42CE19589D2600111508 /* CoreGraphics.framework */; };
		F49D42D119589D2600111508 /* UIKit.framework in Frameworks */ = {isa = PBXBuildFile; fileRef = F49D42D019589D2600111508 /* UIKit.framework */; };
		F49D42D719589D2600111508 /* InfoPlist.strings in Resources */ = {isa = PBXBuildFile; fileRef = F49D42D519589D2600111508 /* InfoPlist.strings */; };
		F49D42D919589D2600111508 /* main.m in Sources */ = {isa = PBXBuildFile; fileRef = F49D42D819589D2600111508 /* main.m */; };
		F49D42DD19589D2600111508 /* AppDelegate.m in Sources */ = {isa = PBXBuildFile; fileRef = F49D42DC19589D2600111508 /* AppDelegate.m */; };
		F49D42DF19589D2600111508 /* Images.xcassets in Resources */ = {isa = PBXBuildFile; fileRef = F49D42DE19589D2600111508 /* Images.xcassets */; };
		F49D42E619589D2600111508 /* XCTest.framework in Frameworks */ = {isa = PBXBuildFile; fileRef = F49D42E519589D2600111508 /* XCTest.framework */; };
		F49D42E719589D2600111508 /* Foundation.framework in Frameworks */ = {isa = PBXBuildFile; fileRef = F49D42CC19589D2600111508 /* Foundation.framework */; };
		F49D42E819589D2600111508 /* UIKit.framework in Frameworks */ = {isa = PBXBuildFile; fileRef = F49D42D019589D2600111508 /* UIKit.framework */; };
		F49D42F019589D2600111508 /* InfoPlist.strings in Resources */ = {isa = PBXBuildFile; fileRef = F49D42EE19589D2600111508 /* InfoPlist.strings */; };
		F49D42F219589D2600111508 /* PlayerTests.m in Sources */ = {isa = PBXBuildFile; fileRef = F49D42F119589D2600111508 /* PlayerTests.m */; };
		F49D42FE1958A41500111508 /* BPBPlayerViewController.m in Sources */ = {isa = PBXBuildFile; fileRef = F49D42FC1958A41500111508 /* BPBPlayerViewController.m */; };
		F49D42FF1958A41500111508 /* BPBPlayerViewControlleriPad.xib in Resources */ = {isa = PBXBuildFile; fileRef = F49D42FD1958A41500111508 /* BPBPlayerViewControlleriPad.xib */; };
		F49D43011958A44E00111508 /* MediaPlayer.framework in Frameworks */ = {isa = PBXBuildFile; fileRef = F49D43001958A44E00111508 /* MediaPlayer.framework */; };
		F4C445DF195A0657007CC699 /* AVFoundation.framework in Frameworks */ = {isa = PBXBuildFile; fileRef = F4C445DE195A0657007CC699 /* AVFoundation.framework */; };
		F4DCEFD11961B25E00664967 /* BPBPlayerViewController.xib in Resources */ = {isa = PBXBuildFile; fileRef = F4DCEFD01961B25E00664967 /* BPBPlayerViewController.xib */; };
		F4E327531965DE3A00C56B6D /* BPBCapture.m in Sources */ = {isa = PBXBuildFile; fileRef = F4E327521965DE3A00C56B6D /* BPBCapture.m */; };
		F4F3B542196C38990023B679 /* VideoCompositor.m in Sources */ = {isa = PBXBuildFile; fileRef = F4F3B541196C38990023B679 /* VideoCompositor.m */; };
		F4F3B548196C39740023B679 /* Player-Info.plist in Resources */ = {isa = PBXBuildFile; fileRef = F4F3B547196C39740023B679 /* Player-Info.plist */; };
/* End PBXBuildFile section */

/* Begin PBXContainerItemProxy section */
		F49D42E919589D2600111508 /* PBXContainerItemProxy */ = {
			isa = PBXContainerItemProxy;
			containerPortal = F49D42C119589D2600111508 /* Project object */;
			proxyType = 1;
			remoteGlobalIDString = F49D42C819589D2600111508;
			remoteInfo = Player;
		};
/* End PBXContainerItemProxy section */

/* Begin PBXFileReference section */
		F45239EA195B15CB00D9FEF0 /* BPBReviewViewController.h */ = {isa = PBXFileReference; fileEncoding = 4; lastKnownFileType = sourcecode.c.h; path = BPBReviewViewController.h; sourceTree = "<group>"; };
		F45239EB195B15CB00D9FEF0 /* BPBReviewViewController.m */ = {isa = PBXFileReference; fileEncoding = 4; lastKnownFileType = sourcecode.c.objc; path = BPBReviewViewController.m; sourceTree = "<group>"; };
		F45239EC195B15CB00D9FEF0 /* BPBReviewViewController.xib */ = {isa = PBXFileReference; fileEncoding = 4; lastKnownFileType = file.xib; path = BPBReviewViewController.xib; sourceTree = "<group>"; };
		F46296A919635C7700D11564 /* BPBPlayerLandscapeiPhone.xib */ = {isa = PBXFileReference; fileEncoding = 4; lastKnownFileType = file.xib; path = BPBPlayerLandscapeiPhone.xib; sourceTree = "<group>"; };
		F496E02019631F280088797D /* BPBReviewViewControlleriPhone.xib */ = {isa = PBXFileReference; fileEncoding = 4; lastKnownFileType = file.xib; path = BPBReviewViewControlleriPhone.xib; sourceTree = "<group>"; };
		F49D42C919589D2600111508 /* Player.app */ = {isa = PBXFileReference; explicitFileType = wrapper.application; includeInIndex = 0; path = Player.app; sourceTree = BUILT_PRODUCTS_DIR; };
		F49D42CC19589D2600111508 /* Foundation.framework */ = {isa = PBXFileReference; lastKnownFileType = wrapper.framework; name = Foundation.framework; path = System/Library/Frameworks/Foundation.framework; sourceTree = SDKROOT; };
		F49D42CE19589D2600111508 /* CoreGraphics.framework */ = {isa = PBXFileReference; lastKnownFileType = wrapper.framework; name = CoreGraphics.framework; path = System/Library/Frameworks/CoreGraphics.framework; sourceTree = SDKROOT; };
		F49D42D019589D2600111508 /* UIKit.framework */ = {isa = PBXFileReference; lastKnownFileType = wrapper.framework; name = UIKit.framework; path = System/Library/Frameworks/UIKit.framework; sourceTree = SDKROOT; };
		F49D42D619589D2600111508 /* en */ = {isa = PBXFileReference; lastKnownFileType = text.plist.strings; name = en; path = en.lproj/InfoPlist.strings; sourceTree = "<group>"; };
		F49D42D819589D2600111508 /* main.m */ = {isa = PBXFileReference; lastKnownFileType = sourcecode.c.objc; path = main.m; sourceTree = "<group>"; };
		F49D42DA19589D2600111508 /* Player-Prefix.pch */ = {isa = PBXFileReference; lastKnownFileType = sourcecode.c.h; path = "Player-Prefix.pch"; sourceTree = "<group>"; };
		F49D42DB19589D2600111508 /* AppDelegate.h */ = {isa = PBXFileReference; lastKnownFileType = sourcecode.c.h; path = AppDelegate.h; sourceTree = "<group>"; };
		F49D42DC19589D2600111508 /* AppDelegate.m */ = {isa = PBXFileReference; lastKnownFileType = sourcecode.c.objc; path = AppDelegate.m; sourceTree = "<group>"; };
		F49D42DE19589D2600111508 /* Images.xcassets */ = {isa = PBXFileReference; lastKnownFileType = folder.assetcatalog; path = Images.xcassets; sourceTree = "<group>"; };
		F49D42E419589D2600111508 /* PlayerTests.xctest */ = {isa = PBXFileReference; explicitFileType = wrapper.cfbundle; includeInIndex = 0; path = PlayerTests.xctest; sourceTree = BUILT_PRODUCTS_DIR; };
		F49D42E519589D2600111508 /* XCTest.framework */ = {isa = PBXFileReference; lastKnownFileType = wrapper.framework; name = XCTest.framework; path = Library/Frameworks/XCTest.framework; sourceTree = DEVELOPER_DIR; };
		F49D42ED19589D2600111508 /* PlayerTests-Info.plist */ = {isa = PBXFileReference; lastKnownFileType = text.plist.xml; path = "PlayerTests-Info.plist"; sourceTree = "<group>"; };
		F49D42EF19589D2600111508 /* en */ = {isa = PBXFileReference; lastKnownFileType = text.plist.strings; name = en; path = en.lproj/InfoPlist.strings; sourceTree = "<group>"; };
		F49D42F119589D2600111508 /* PlayerTests.m */ = {isa = PBXFileReference; lastKnownFileType = sourcecode.c.objc; path = PlayerTests.m; sourceTree = "<group>"; };
		F49D42FB1958A41500111508 /* BPBPlayerViewController.h */ = {isa = PBXFileReference; fileEncoding = 4; lastKnownFileType = sourcecode.c.h; path = BPBPlayerViewController.h; sourceTree = "<group>"; };
		F49D42FC1958A41500111508 /* BPBPlayerViewController.m */ = {isa = PBXFileReference; fileEncoding = 4; lastKnownFileType = sourcecode.c.objc; path = BPBPlayerViewController.m; sourceTree = "<group>"; };
		F49D42FD1958A41500111508 /* BPBPlayerViewControlleriPad.xib */ = {isa = PBXFileReference; fileEncoding = 4; lastKnownFileType = file.xib; path = BPBPlayerViewControlleriPad.xib; sourceTree = "<group>"; };
		F49D43001958A44E00111508 /* MediaPlayer.framework */ = {isa = PBXFileReference; lastKnownFileType = wrapper.framework; name = MediaPlayer.framework; path = System/Library/Frameworks/MediaPlayer.framework; sourceTree = SDKROOT; };
		F4C445DB195A064B007CC699 /* BPBCapture.h */ = {isa = PBXFileReference; fileEncoding = 4; lastKnownFileType = sourcecode.c.h; path = BPBCapture.h; sourceTree = "<group>"; };
		F4C445DE195A0657007CC699 /* AVFoundation.framework */ = {isa = PBXFileReference; lastKnownFileType = wrapper.framework; name = AVFoundation.framework; path = System/Library/Frameworks/AVFoundation.framework; sourceTree = SDKROOT; };
		F4DCEFD01961B25E00664967 /* BPBPlayerViewController.xib */ = {isa = PBXFileReference; fileEncoding = 4; lastKnownFileType = file.xib; path = BPBPlayerViewController.xib; sourceTree = "<group>"; };
		F4E327521965DE3A00C56B6D /* BPBCapture.m */ = {isa = PBXFileReference; fileEncoding = 4; lastKnownFileType = sourcecode.c.objc; path = BPBCapture.m; sourceTree = "<group>"; };
		F4F3B540196C388B0023B679 /* VideoCompositor.h */ = {isa = PBXFileReference; lastKnownFileType = sourcecode.c.h; path = VideoCompositor.h; sourceTree = "<group>"; };
		F4F3B541196C38990023B679 /* VideoCompositor.m */ = {isa = PBXFileReference; fileEncoding = 4; lastKnownFileType = sourcecode.c.objc; path = VideoCompositor.m; sourceTree = "<group>"; };
		F4F3B543196C38F30023B679 /* sample.m4v */ = {isa = PBXFileReference; lastKnownFileType = file; path = sample.m4v; sourceTree = "<group>"; };
		F4F3B544196C38F30023B679 /* test.m4v */ = {isa = PBXFileReference; lastKnownFileType = file; path = test.m4v; sourceTree = "<group>"; };
		F4F3B547196C39740023B679 /* Player-Info.plist */ = {isa = PBXFileReference; fileEncoding = 4; lastKnownFileType = text.plist.xml; path = "Player-Info.plist"; sourceTree = "<group>"; };
/* End PBXFileReference section */

/* Begin PBXFrameworksBuildPhase section */
		F49D42C619589D2600111508 /* Frameworks */ = {
			isa = PBXFrameworksBuildPhase;
			buildActionMask = 2147483647;
			files = (
				F4C445DF195A0657007CC699 /* AVFoundation.framework in Frameworks */,
				F49D43011958A44E00111508 /* MediaPlayer.framework in Frameworks */,
				F49D42CF19589D2600111508 /* CoreGraphics.framework in Frameworks */,
				F49D42D119589D2600111508 /* UIKit.framework in Frameworks */,
				F49D42CD19589D2600111508 /* Foundation.framework in Frameworks */,
			);
			runOnlyForDeploymentPostprocessing = 0;
		};
		F49D42E119589D2600111508 /* Frameworks */ = {
			isa = PBXFrameworksBuildPhase;
			buildActionMask = 2147483647;
			files = (
				F49D42E619589D2600111508 /* XCTest.framework in Frameworks */,
				F49D42E819589D2600111508 /* UIKit.framework in Frameworks */,
				F49D42E719589D2600111508 /* Foundation.framework in Frameworks */,
			);
			runOnlyForDeploymentPostprocessing = 0;
		};
/* End PBXFrameworksBuildPhase section */

/* Begin PBXGroup section */
		F49D42C019589D2600111508 = {
			isa = PBXGroup;
			children = (
				F49D42D219589D2600111508 /* Player */,
				F49D42EB19589D2600111508 /* PlayerTests */,
				F49D42CB19589D2600111508 /* Frameworks */,
				F49D42CA19589D2600111508 /* Products */,
			);
			sourceTree = "<group>";
		};
		F49D42CA19589D2600111508 /* Products */ = {
			isa = PBXGroup;
			children = (
				F49D42C919589D2600111508 /* Player.app */,
				F49D42E419589D2600111508 /* PlayerTests.xctest */,
			);
			name = Products;
			sourceTree = "<group>";
		};
		F49D42CB19589D2600111508 /* Frameworks */ = {
			isa = PBXGroup;
			children = (
				F4C445DE195A0657007CC699 /* AVFoundation.framework */,
				F49D43001958A44E00111508 /* MediaPlayer.framework */,
				F49D42CC19589D2600111508 /* Foundation.framework */,
				F49D42CE19589D2600111508 /* CoreGraphics.framework */,
				F49D42D019589D2600111508 /* UIKit.framework */,
				F49D42E519589D2600111508 /* XCTest.framework */,
			);
			name = Frameworks;
			sourceTree = "<group>";
		};
		F49D42D219589D2600111508 /* Player */ = {
			isa = PBXGroup;
			children = (
				F49D42DB19589D2600111508 /* AppDelegate.h */,
				F49D42DC19589D2600111508 /* AppDelegate.m */,
				F49D42FB1958A41500111508 /* BPBPlayerViewController.h */,
				F49D42FC1958A41500111508 /* BPBPlayerViewController.m */,
				F46296A919635C7700D11564 /* BPBPlayerLandscapeiPhone.xib */,
				F49D42FD1958A41500111508 /* BPBPlayerViewControlleriPad.xib */,
				F4DCEFD01961B25E00664967 /* BPBPlayerViewController.xib */,
				F4C445DB195A064B007CC699 /* BPBCapture.h */,
				F4E327521965DE3A00C56B6D /* BPBCapture.m */,
				F4F3B541196C38990023B679 /* VideoCompositor.m */,
				F4F3B540196C388B0023B679 /* VideoCompositor.h */,
				F45239EA195B15CB00D9FEF0 /* BPBReviewViewController.h */,
				F45239EB195B15CB00D9FEF0 /* BPBReviewViewController.m */,
				F45239EC195B15CB00D9FEF0 /* BPBReviewViewController.xib */,
				F496E02019631F280088797D /* BPBReviewViewControlleriPhone.xib */,
				F49D42DE19589D2600111508 /* Images.xcassets */,
				F49D42D319589D2600111508 /* Supporting Files */,
			);
			path = Player;
			sourceTree = "<group>";
		};
		F49D42D319589D2600111508 /* Supporting Files */ = {
			isa = PBXGroup;
			children = (
				F4F3B543196C38F30023B679 /* sample.m4v */,
				F4F3B547196C39740023B679 /* Player-Info.plist */,
				F4F3B544196C38F30023B679 /* test.m4v */,
				F49D42D519589D2600111508 /* InfoPlist.strings */,
				F49D42D819589D2600111508 /* main.m */,
				F49D42DA19589D2600111508 /* Player-Prefix.pch */,
			);
			name = "Supporting Files";
			sourceTree = "<group>";
		};
		F49D42EB19589D2600111508 /* PlayerTests */ = {
			isa = PBXGroup;
			children = (
				F49D42F119589D2600111508 /* PlayerTests.m */,
				F49D42EC19589D2600111508 /* Supporting Files */,
			);
			path = PlayerTests;
			sourceTree = "<group>";
		};
		F49D42EC19589D2600111508 /* Supporting Files */ = {
			isa = PBXGroup;
			children = (
				F49D42ED19589D2600111508 /* PlayerTests-Info.plist */,
				F49D42EE19589D2600111508 /* InfoPlist.strings */,
			);
			name = "Supporting Files";
			sourceTree = "<group>";
		};
/* End PBXGroup section */

/* Begin PBXNativeTarget section */
		F49D42C819589D2600111508 /* Player */ = {
			isa = PBXNativeTarget;
			buildConfigurationList = F49D42F519589D2600111508 /* Build configuration list for PBXNativeTarget "Player" */;
			buildPhases = (
				F49D42C519589D2600111508 /* Sources */,
				F49D42C619589D2600111508 /* Frameworks */,
				F49D42C719589D2600111508 /* Resources */,
			);
			buildRules = (
			);
			dependencies = (
			);
			name = Player;
			productName = Player;
			productReference = F49D42C919589D2600111508 /* Player.app */;
			productType = "com.apple.product-type.application";
		};
		F49D42E319589D2600111508 /* PlayerTests */ = {
			isa = PBXNativeTarget;
			buildConfigurationList = F49D42F819589D2600111508 /* Build configuration list for PBXNativeTarget "PlayerTests" */;
			buildPhases = (
				F49D42E019589D2600111508 /* Sources */,
				F49D42E119589D2600111508 /* Frameworks */,
				F49D42E219589D2600111508 /* Resources */,
			);
			buildRules = (
			);
			dependencies = (
				F49D42EA19589D2600111508 /* PBXTargetDependency */,
			);
			name = PlayerTests;
			productName = PlayerTests;
			productReference = F49D42E419589D2600111508 /* PlayerTests.xctest */;
			productType = "com.apple.product-type.bundle.unit-test";
		};
/* End PBXNativeTarget section */

/* Begin PBXProject section */
		F49D42C119589D2600111508 /* Project object */ = {
			isa = PBXProject;
			attributes = {
				LastUpgradeCheck = 0510;
				ORGANIZATIONNAME = "Spartan Systems Inc.";
				TargetAttributes = {
					F49D42E319589D2600111508 = {
						TestTargetID = F49D42C819589D2600111508;
					};
				};
			};
			buildConfigurationList = F49D42C419589D2600111508 /* Build configuration list for PBXProject "Player" */;
			compatibilityVersion = "Xcode 3.2";
			developmentRegion = English;
			hasScannedForEncodings = 0;
			knownRegions = (
				en,
			);
			mainGroup = F49D42C019589D2600111508;
			productRefGroup = F49D42CA19589D2600111508 /* Products */;
			projectDirPath = "";
			projectRoot = "";
			targets = (
				F49D42C819589D2600111508 /* Player */,
				F49D42E319589D2600111508 /* PlayerTests */,
			);
		};
/* End PBXProject section */

/* Begin PBXResourcesBuildPhase section */
		F49D42C719589D2600111508 /* Resources */ = {
			isa = PBXResourcesBuildPhase;
			buildActionMask = 2147483647;
			files = (
				F46296AA19635C7700D11564 /* BPBPlayerLandscapeiPhone.xib in Resources */,
				F4F3B548196C39740023B679 /* Player-Info.plist in Resources */,
				F49D42D719589D2600111508 /* InfoPlist.strings in Resources */,
				F49D42FF1958A41500111508 /* BPBPlayerViewControlleriPad.xib in Resources */,
				F49D42DF19589D2600111508 /* Images.xcassets in Resources */,
				F4DCEFD11961B25E00664967 /* BPBPlayerViewController.xib in Resources */,
				F45239EE195B15CB00D9FEF0 /* BPBReviewViewController.xib in Resources */,
				F496E02119631F280088797D /* BPBReviewViewControlleriPhone.xib in Resources */,
			);
			runOnlyForDeploymentPostprocessing = 0;
		};
		F49D42E219589D2600111508 /* Resources */ = {
			isa = PBXResourcesBuildPhase;
			buildActionMask = 2147483647;
			files = (
				F49D42F019589D2600111508 /* InfoPlist.strings in Resources */,
			);
			runOnlyForDeploymentPostprocessing = 0;
		};
/* End PBXResourcesBuildPhase section */

/* Begin PBXSourcesBuildPhase section */
		F49D42C519589D2600111508 /* Sources */ = {
			isa = PBXSourcesBuildPhase;
			buildActionMask = 2147483647;
			files = (
				F49D42DD19589D2600111508 /* AppDelegate.m in Sources */,
				F4F3B542196C38990023B679 /* VideoCompositor.m in Sources */,
				F49D42D919589D2600111508 /* main.m in Sources */,
				F4E327531965DE3A00C56B6D /* BPBCapture.m in Sources */,
				F45239ED195B15CB00D9FEF0 /* BPBReviewViewController.m in Sources */,
				F49D42FE1958A41500111508 /* BPBPlayerViewController.m in Sources */,
			);
			runOnlyForDeploymentPostprocessing = 0;
		};
		F49D42E019589D2600111508 /* Sources */ = {
			isa = PBXSourcesBuildPhase;
			buildActionMask = 2147483647;
			files = (
				F49D42F219589D2600111508 /* PlayerTests.m in Sources */,
			);
			runOnlyForDeploymentPostprocessing = 0;
		};
/* End PBXSourcesBuildPhase section */

/* Begin PBXTargetDependency section */
		F49D42EA19589D2600111508 /* PBXTargetDependency */ = {
			isa = PBXTargetDependency;
			target = F49D42C819589D2600111508 /* Player */;
			targetProxy = F49D42E919589D2600111508 /* PBXContainerItemProxy */;
		};
/* End PBXTargetDependency section */

/* Begin PBXVariantGroup section */
		F49D42D519589D2600111508 /* InfoPlist.strings */ = {
			isa = PBXVariantGroup;
			children = (
				F49D42D619589D2600111508 /* en */,
			);
			name = InfoPlist.strings;
			sourceTree = "<group>";
		};
		F49D42EE19589D2600111508 /* InfoPlist.strings */ = {
			isa = PBXVariantGroup;
			children = (
				F49D42EF19589D2600111508 /* en */,
			);
			name = InfoPlist.strings;
			sourceTree = "<group>";
		};
/* End PBXVariantGroup section */

/* Begin XCBuildConfiguration section */
		F49D42F319589D2600111508 /* Debug */ = {
			isa = XCBuildConfiguration;
			buildSettings = {
				ALWAYS_SEARCH_USER_PATHS = NO;
				CLANG_CXX_LANGUAGE_STANDARD = "gnu++0x";
				CLANG_CXX_LIBRARY = "libc++";
				CLANG_ENABLE_MODULES = YES;
				CLANG_ENABLE_OBJC_ARC = YES;
				CLANG_WARN_BOOL_CONVERSION = YES;
				CLANG_WARN_CONSTANT_CONVERSION = YES;
				CLANG_WARN_DIRECT_OBJC_ISA_USAGE = YES_ERROR;
				CLANG_WARN_EMPTY_BODY = YES;
				CLANG_WARN_ENUM_CONVERSION = YES;
				CLANG_WARN_INT_CONVERSION = YES;
				CLANG_WARN_OBJC_ROOT_CLASS = YES_ERROR;
				CLANG_WARN__DUPLICATE_METHOD_MATCH = YES;
				"CODE_SIGN_IDENTITY[sdk=iphoneos*]" = "iPhone Developer";
				COPY_PHASE_STRIP = NO;
				GCC_C_LANGUAGE_STANDARD = gnu99;
				GCC_DYNAMIC_NO_PIC = NO;
				GCC_OPTIMIZATION_LEVEL = 0;
				GCC_PREPROCESSOR_DEFINITIONS = (
					"DEBUG=1",
					"$(inherited)",
				);
				GCC_SYMBOLS_PRIVATE_EXTERN = NO;
				GCC_WARN_64_TO_32_BIT_CONVERSION = YES;
				GCC_WARN_ABOUT_RETURN_TYPE = YES_ERROR;
				GCC_WARN_UNDECLARED_SELECTOR = YES;
				GCC_WARN_UNINITIALIZED_AUTOS = YES_AGGRESSIVE;
				GCC_WARN_UNUSED_FUNCTION = YES;
				GCC_WARN_UNUSED_VARIABLE = YES;
				IPHONEOS_DEPLOYMENT_TARGET = 7.1;
				ONLY_ACTIVE_ARCH = YES;
				SDKROOT = iphoneos;
				TARGETED_DEVICE_FAMILY = "1,2";
			};
			name = Debug;
		};
		F49D42F419589D2600111508 /* Release */ = {
			isa = XCBuildConfiguration;
			buildSettings = {
				ALWAYS_SEARCH_USER_PATHS = NO;
				CLANG_CXX_LANGUAGE_STANDARD = "gnu++0x";
				CLANG_CXX_LIBRARY = "libc++";
				CLANG_ENABLE_MODULES = YES;
				CLANG_ENABLE_OBJC_ARC = YES;
				CLANG_WARN_BOOL_CONVERSION = YES;
				CLANG_WARN_CONSTANT_CONVERSION = YES;
				CLANG_WARN_DIRECT_OBJC_ISA_USAGE = YES_ERROR;
				CLANG_WARN_EMPTY_BODY = YES;
				CLANG_WARN_ENUM_CONVERSION = YES;
				CLANG_WARN_INT_CONVERSION = YES;
				CLANG_WARN_OBJC_ROOT_CLASS = YES_ERROR;
				CLANG_WARN__DUPLICATE_METHOD_MATCH = YES;
				"CODE_SIGN_IDENTITY[sdk=iphoneos*]" = "iPhone Developer";
				COPY_PHASE_STRIP = YES;
				ENABLE_NS_ASSERTIONS = NO;
				GCC_C_LANGUAGE_STANDARD = gnu99;
				GCC_WARN_64_TO_32_BIT_CONVERSION = YES;
				GCC_WARN_ABOUT_RETURN_TYPE = YES_ERROR;
				GCC_WARN_UNDECLARED_SELECTOR = YES;
				GCC_WARN_UNINITIALIZED_AUTOS = YES_AGGRESSIVE;
				GCC_WARN_UNUSED_FUNCTION = YES;
				GCC_WARN_UNUSED_VARIABLE = YES;
				IPHONEOS_DEPLOYMENT_TARGET = 7.1;
				SDKROOT = iphoneos;
				TARGETED_DEVICE_FAMILY = "1,2";
				VALIDATE_PRODUCT = YES;
			};
			name = Release;
		};
		F49D42F619589D2600111508 /* Debug */ = {
			isa = XCBuildConfiguration;
			buildSettings = {
				ASSETCATALOG_COMPILER_APPICON_NAME = AppIcon;
				ASSETCATALOG_COMPILER_LAUNCHIMAGE_NAME = LaunchImage;
				GCC_PRECOMPILE_PREFIX_HEADER = YES;
				GCC_PREFIX_HEADER = "Player/Player-Prefix.pch";
				INFOPLIST_FILE = "Player/Player-Info.plist";
				PRODUCT_NAME = "$(TARGET_NAME)";
				WRAPPER_EXTENSION = app;
			};
			name = Debug;
		};
		F49D42F719589D2600111508 /* Release */ = {
			isa = XCBuildConfiguration;
			buildSettings = {
				ASSETCATALOG_COMPILER_APPICON_NAME = AppIcon;
				ASSETCATALOG_COMPILER_LAUNCHIMAGE_NAME = LaunchImage;
				GCC_PRECOMPILE_PREFIX_HEADER = YES;
				GCC_PREFIX_HEADER = "Player/Player-Prefix.pch";
				INFOPLIST_FILE = "Player/Player-Info.plist";
				PRODUCT_NAME = "$(TARGET_NAME)";
				WRAPPER_EXTENSION = app;
			};
			name = Release;
		};
		F49D42F919589D2600111508 /* Debug */ = {
			isa = XCBuildConfiguration;
			buildSettings = {
				BUNDLE_LOADER = "$(BUILT_PRODUCTS_DIR)/Player.app/Player";
				FRAMEWORK_SEARCH_PATHS = (
					"$(SDKROOT)/Developer/Library/Frameworks",
					"$(inherited)",
					"$(DEVELOPER_FRAMEWORKS_DIR)",
				);
				GCC_PRECOMPILE_PREFIX_HEADER = YES;
				GCC_PREFIX_HEADER = "Player/Player-Prefix.pch";
				GCC_PREPROCESSOR_DEFINITIONS = (
					"DEBUG=1",
					"$(inherited)",
				);
				INFOPLIST_FILE = "PlayerTests/PlayerTests-Info.plist";
				PRODUCT_NAME = "$(TARGET_NAME)";
				TEST_HOST = "$(BUNDLE_LOADER)";
				WRAPPER_EXTENSION = xctest;
			};
			name = Debug;
		};
		F49D42FA19589D2600111508 /* Release */ = {
			isa = XCBuildConfiguration;
			buildSettings = {
				BUNDLE_LOADER = "$(BUILT_PRODUCTS_DIR)/Player.app/Player";
				FRAMEWORK_SEARCH_PATHS = (
					"$(SDKROOT)/Developer/Library/Frameworks",
					"$(inherited)",
					"$(DEVELOPER_FRAMEWORKS_DIR)",
				);
				GCC_PRECOMPILE_PREFIX_HEADER = YES;
				GCC_PREFIX_HEADER = "Player/Player-Prefix.pch";
				INFOPLIST_FILE = "PlayerTests/PlayerTests-Info.plist";
				PRODUCT_NAME = "$(TARGET_NAME)";
				TEST_HOST = "$(BUNDLE_LOADER)";
				WRAPPER_EXTENSION = xctest;
			};
			name = Release;
		};
/* End XCBuildConfiguration section */

/* Begin XCConfigurationList section */
		F49D42C419589D2600111508 /* Build configuration list for PBXProject "Player" */ = {
			isa = XCConfigurationList;
			buildConfigurations = (
				F49D42F319589D2600111508 /* Debug */,
				F49D42F419589D2600111508 /* Release */,
			);
			defaultConfigurationIsVisible = 0;
			defaultConfigurationName = Release;
		};
		F49D42F519589D2600111508 /* Build configuration list for PBXNativeTarget "Player" */ = {
			isa = XCConfigurationList;
			buildConfigurations = (
				F49D42F619589D2600111508 /* Debug */,
				F49D42F719589D2600111508 /* Release */,
			);
			defaultConfigurationIsVisible = 0;
			defaultConfigurationName = Release;
		};
		F49D42F819589D2600111508 /* Build configuration list for PBXNativeTarget "PlayerTests" */ = {
			isa = XCConfigurationList;
			buildConfigurations = (
				F49D42F919589D2600111508 /* Debug */,
				F49D42FA19589D2600111508 /* Release */,
			);
			defaultConfigurationIsVisible = 0;
			defaultConfigurationName = Release;
		};
/* End XCConfigurationList section */
	};
	rootObject = F49D42C119589D2600111508 /* Project object */;
}
